
Microsoft Visual Studio Solution File, Format Version 12.00
# Visual Studio 2013
VisualStudioVersion = 12.0.31101.0
MinimumVisualStudioVersion = 10.0.40219.1
Project("{FAE04EC0-301F-11D3-BF4B-00C04F79EFBC}") = "CommonLib", "CommonLib\CommonLib.csproj", "{2A782B6E-49FC-4C23-A5E7-A69D564CDBF3}"
EndProject
Project("{FAE04EC0-301F-11D3-BF4B-00C04F79EFBC}") = "HostA", "HostA\HostA.csproj", "{4D2160D6-01AB-4D68-8085-AEFCBA907D13}"
EndProject
Project("{FAE04EC0-301F-11D3-BF4B-00C04F79EFBC}") = "HostB", "HostB\HostB.csproj", "{3E114D0C-0383-4953-A94E-E747A4CE277C}"
EndProject
Global
	GlobalSection(SolutionConfigurationPlatforms) = preSolution
		Debug|Any CPU = Debug|Any CPU
		Release|Any CPU = Release|Any CPU
	EndGlobalSection
	GlobalSection(ProjectConfigurationPlatforms) = postSolution
		{2A782B6E-49FC-4C23-A5E7-A69D564CDBF3}.Debug|Any CPU.ActiveCfg = Debug|Any CPU
		{2A782B6E-49FC-4C23-A5E7-A69D564CDBF3}.Debug|Any CPU.Build.0 = Debug|Any CPU
		{2A782B6E-49FC-4C23-A5E7-A69D564CDBF3}.Release|Any CPU.ActiveCfg = Release|Any CPU
		{2A782B6E-49FC-4C23-A5E7-A69D564CDBF3}.Release|Any CPU.Build.0 = Release|Any CPU
		{4D2160D6-01AB-4D68-8085-AEFCBA907D13}.Debug|Any CPU.ActiveCfg = Debug|Any CPU
		{4D2160D6-01AB-4D68-8085-AEFCBA907D13}.Debug|Any CPU.Build.0 = Debug|Any CPU
		{4D2160D6-01AB-4D68-8085-AEFCBA907D13}.Release|Any CPU.ActiveCfg = Release|Any CPU
		{4D2160D6-01AB-4D68-8085-AEFCBA907D13}.Release|Any CPU.Build.0 = Release|Any CPU
		{3E114D0C-0383-4953-A94E-E747A4CE277C}.Debug|Any CPU.ActiveCfg = Debug|Any CPU
		{3E114D0C-0383-4953-A94E-E747A4CE277C}.Debug|Any CPU.Build.0 = Debug|Any CPU
		{3E114D0C-0383-4953-A94E-E747A4CE277C}.Release|Any CPU.ActiveCfg = Release|Any CPU
		{3E114D0C-0383-4953-A94E-E747A4CE277C}.Release|Any CPU.Build.0 = Release|Any CPU
	EndGlobalSection
	GlobalSection(SolutionProperties) = preSolution
		HideSolutionNode = FALSE
	EndGlobalSection
EndGlobal
