
Microsoft Visual Studio Solution File, Format Version 12.00
# Visual Studio 2012
Project("{FAE04EC0-301F-11D3-BF4B-00C04F79EFBC}") = "Parallel", "Parallel\Parallel.csproj", "{B0EE1CD0-7DF2-47CD-9B3E-B789922E29DD}"
EndProject
Project("{FAE04EC0-301F-11D3-BF4B-00C04F79EFBC}") = "SupportLibrary", "SupportLibrary\SupportLibrary.csproj", "{01EF75A7-5A5B-47BC-BDC9-8EC7954C5760}"
EndProject
Global
	GlobalSection(SolutionConfigurationPlatforms) = preSolution
		Debug|Any CPU = Debug|Any CPU
		Release|Any CPU = Release|Any CPU
	EndGlobalSection
	GlobalSection(ProjectConfigurationPlatforms) = postSolution
		{B0EE1CD0-7DF2-47CD-9B3E-B789922E29DD}.Debug|Any CPU.ActiveCfg = Debug|Any CPU
		{B0EE1CD0-7DF2-47CD-9B3E-B789922E29DD}.Debug|Any CPU.Build.0 = Debug|Any CPU
		{B0EE1CD0-7DF2-47CD-9B3E-B789922E29DD}.Release|Any CPU.ActiveCfg = Release|Any CPU
		{B0EE1CD0-7DF2-47CD-9B3E-B789922E29DD}.Release|Any CPU.Build.0 = Release|Any CPU
		{01EF75A7-5A5B-47BC-BDC9-8EC7954C5760}.Debug|Any CPU.ActiveCfg = Debug|Any CPU
		{01EF75A7-5A5B-47BC-BDC9-8EC7954C5760}.Debug|Any CPU.Build.0 = Debug|Any CPU
		{01EF75A7-5A5B-47BC-BDC9-8EC7954C5760}.Release|Any CPU.ActiveCfg = Release|Any CPU
		{01EF75A7-5A5B-47BC-BDC9-8EC7954C5760}.Release|Any CPU.Build.0 = Release|Any CPU
	EndGlobalSection
	GlobalSection(SolutionProperties) = preSolution
		HideSolutionNode = FALSE
	EndGlobalSection
EndGlobal
