<?xml version="1.0" encoding="utf-8"?>
<Project ToolsVersion="4.0" xmlns="http://schemas.microsoft.com/developer/msbuild/2003">
  <ItemGroup>
    <Filter Include="Source Files">
      <UniqueIdentifier>{4FC737F1-C7A5-4376-A066-2A32D752A2FF}</UniqueIdentifier>
      <Extensions>cpp;c;cc;cxx;def;odl;idl;hpj;bat;asm;asmx</Extensions>
    </Filter>
    <Filter Include="Header Files">
      <UniqueIdentifier>{93995380-89BD-4b04-88EB-625FBE52EBFB}</UniqueIdentifier>
      <Extensions>h;hh;hpp;hxx;hm;inl;inc;xsd</Extensions>
    </Filter>
    <Filter Include="Resource Files">
      <UniqueIdentifier>{67DA6AB6-F800-4c08-8B7A-83BB121AAD01}</UniqueIdentifier>
      <Extensions>rc;ico;cur;bmp;dlg;rc2;rct;bin;rgs;gif;jpg;jpeg;jpe;resx;tiff;tif;png;wav;mfcribbon-ms</Extensions>
    </Filter>
    <Filter Include="Header Files\algorithms">
      <UniqueIdentifier>{648007fe-27b5-4d14-83b2-a1c98a21e615}</UniqueIdentifier>
    </Filter>
  </ItemGroup>
  <ItemGroup>
    <ClCompile Include="program.cpp">
      <Filter>Source Files</Filter>
    </ClCompile>
  </ItemGroup>
  <ItemGroup>
    <ClInclude Include="src\_tsp.hpp">
      <Filter>Header Files</Filter>
    </ClInclude>
    <ClInclude Include="src\_tsp_support.hpp">
      <Filter>Header Files</Filter>
    </ClInclude>
    <ClInclude Include="src\randomizers.hpp">
      <Filter>Header Files</Filter>
    </ClInclude>
    <ClInclude Include="src\tsp.hpp">
      <Filter>Header Files</Filter>
    </ClInclude>
    <ClInclude Include="src\tsp_algo.hpp">
      <Filter>Header Files</Filter>
    </ClInclude>
    <ClInclude Include="src\tsp_functors.hpp">
      <Filter>Header Files</Filter>
    </ClInclude>
    <ClInclude Include="src\tsp_monad.hpp">
      <Filter>Header Files</Filter>
    </ClInclude>
    <ClInclude Include="src\algorithms\nearest_neighbour.hpp">
      <Filter>Header Files\algorithms</Filter>
    </ClInclude>
    <ClInclude Include="src\algorithms\simulated_annealing.hpp">
      <Filter>Header Files\algorithms</Filter>
    </ClInclude>
    <ClInclude Include="src\algorithms\two_opt.hpp">
      <Filter>Header Files\algorithms</Filter>
    </ClInclude>
  </ItemGroup>
</Project>